
Microsoft Visual Studio Solution File, Format Version 12.00
# Visual Studio 14
VisualStudioVersion = 14.0.23107.0
MinimumVisualStudioVersion = 10.0.40219.1
Project("{FAE04EC0-301F-11D3-BF4B-00C04F79EFBC}") = "SpreadsheetTests", "SpreadsheetTests\SpreadsheetTests.csproj", "{D46BEB8E-AEBB-4D0C-AE36-397050CB9084}"
EndProject
Project("{FAE04EC0-301F-11D3-BF4B-00C04F79EFBC}") = "SpreadsheetGUI", "SpreadsheetGUI\SpreadsheetGUI.csproj", "{F4C8C952-2ACA-40F6-8074-B13A0790DB16}"
EndProject
Project("{FAE04EC0-301F-11D3-BF4B-00C04F79EFBC}") = "UITests", "UITests\UITests.csproj", "{AC3CED1E-3CAA-45AC-8578-689EADDFF593}"
EndProject
Global
	GlobalSection(SolutionConfigurationPlatforms) = preSolution
		Debug|Any CPU = Debug|Any CPU
		Debug|x86 = Debug|x86
		Release|Any CPU = Release|Any CPU
		Release|x86 = Release|x86
	EndGlobalSection
	GlobalSection(ProjectConfigurationPlatforms) = postSolution
		{D46BEB8E-AEBB-4D0C-AE36-397050CB9084}.Debug|Any CPU.ActiveCfg = Debug|Any CPU
		{D46BEB8E-AEBB-4D0C-AE36-397050CB9084}.Debug|Any CPU.Build.0 = Debug|Any CPU
		{D46BEB8E-AEBB-4D0C-AE36-397050CB9084}.Debug|x86.ActiveCfg = Debug|Any CPU
		{D46BEB8E-AEBB-4D0C-AE36-397050CB9084}.Debug|x86.Build.0 = Debug|Any CPU
		{D46BEB8E-AEBB-4D0C-AE36-397050CB9084}.Release|Any CPU.ActiveCfg = Release|Any CPU
		{D46BEB8E-AEBB-4D0C-AE36-397050CB9084}.Release|Any CPU.Build.0 = Release|Any CPU
		{D46BEB8E-AEBB-4D0C-AE36-397050CB9084}.Release|x86.ActiveCfg = Release|Any CPU
		{D46BEB8E-AEBB-4D0C-AE36-397050CB9084}.Release|x86.Build.0 = Release|Any CPU
		{F4C8C952-2ACA-40F6-8074-B13A0790DB16}.Debug|Any CPU.ActiveCfg = Debug|Any CPU
		{F4C8C952-2ACA-40F6-8074-B13A0790DB16}.Debug|Any CPU.Build.0 = Debug|Any CPU
		{F4C8C952-2ACA-40F6-8074-B13A0790DB16}.Debug|x86.ActiveCfg = Debug|Any CPU
		{F4C8C952-2ACA-40F6-8074-B13A0790DB16}.Debug|x86.Build.0 = Debug|Any CPU
		{F4C8C952-2ACA-40F6-8074-B13A0790DB16}.Release|Any CPU.ActiveCfg = Release|Any CPU
		{F4C8C952-2ACA-40F6-8074-B13A0790DB16}.Release|Any CPU.Build.0 = Release|Any CPU
		{F4C8C952-2ACA-40F6-8074-B13A0790DB16}.Release|x86.ActiveCfg = Release|Any CPU
		{F4C8C952-2ACA-40F6-8074-B13A0790DB16}.Release|x86.Build.0 = Release|Any CPU
		{AC3CED1E-3CAA-45AC-8578-689EADDFF593}.Debug|Any CPU.ActiveCfg = Debug|Any CPU
		{AC3CED1E-3CAA-45AC-8578-689EADDFF593}.Debug|Any CPU.Build.0 = Debug|Any CPU
		{AC3CED1E-3CAA-45AC-8578-689EADDFF593}.Debug|x86.ActiveCfg = Debug|Any CPU
		{AC3CED1E-3CAA-45AC-8578-689EADDFF593}.Debug|x86.Build.0 = Debug|Any CPU
		{AC3CED1E-3CAA-45AC-8578-689EADDFF593}.Release|Any CPU.ActiveCfg = Release|Any CPU
		{AC3CED1E-3CAA-45AC-8578-689EADDFF593}.Release|Any CPU.Build.0 = Release|Any CPU
		{AC3CED1E-3CAA-45AC-8578-689EADDFF593}.Release|x86.ActiveCfg = Release|Any CPU
		{AC3CED1E-3CAA-45AC-8578-689EADDFF593}.Release|x86.Build.0 = Release|Any CPU
	EndGlobalSection
	GlobalSection(SolutionProperties) = preSolution
		HideSolutionNode = FALSE
	EndGlobalSection
	GlobalSection(SubversionScc) = preSolution
		Svn-Managed = True
		Manager = AnkhSVN - Subversion Support for Visual Studio
	EndGlobalSection
EndGlobal
