
Microsoft Visual Studio Solution File, Format Version 12.00
# Visual Studio 14
VisualStudioVersion = 14.0.23107.0
MinimumVisualStudioVersion = 10.0.40219.1
Project("{FAE04EC0-301F-11D3-BF4B-00C04F79EFBC}") = "Spreadsheet", "Spreadsheet\Spreadsheet.csproj", "{56EB475D-A2DE-41A1-8206-095089AA8B1B}"
	ProjectSection(ProjectDependencies) = postProject
		{88ACC46C-AAF9-4924-829E-2CF118C1F924} = {88ACC46C-AAF9-4924-829E-2CF118C1F924}
		{1C0C48E7-D176-4E91-8E07-030157238D98} = {1C0C48E7-D176-4E91-8E07-030157238D98}
	EndProjectSection
EndProject
Project("{FAE04EC0-301F-11D3-BF4B-00C04F79EFBC}") = "Formula", "..\PS3\Formula\Formula.csproj", "{1C0C48E7-D176-4E91-8E07-030157238D98}"
EndProject
Project("{FAE04EC0-301F-11D3-BF4B-00C04F79EFBC}") = "DependencyGraph", "..\PS2\SpreadsheetUtilities\DependencyGraph.csproj", "{88ACC46C-AAF9-4924-829E-2CF118C1F924}"
EndProject
Project("{FAE04EC0-301F-11D3-BF4B-00C04F79EFBC}") = "SpreadsheetTests", "SpreadsheetTests\SpreadsheetTests.csproj", "{D46BEB8E-AEBB-4D0C-AE36-397050CB9084}"
EndProject
Global
	GlobalSection(SolutionConfigurationPlatforms) = preSolution
		Debug|Any CPU = Debug|Any CPU
		Release|Any CPU = Release|Any CPU
	EndGlobalSection
	GlobalSection(ProjectConfigurationPlatforms) = postSolution
		{56EB475D-A2DE-41A1-8206-095089AA8B1B}.Debug|Any CPU.ActiveCfg = Debug|Any CPU
		{56EB475D-A2DE-41A1-8206-095089AA8B1B}.Debug|Any CPU.Build.0 = Debug|Any CPU
		{56EB475D-A2DE-41A1-8206-095089AA8B1B}.Release|Any CPU.ActiveCfg = Release|Any CPU
		{56EB475D-A2DE-41A1-8206-095089AA8B1B}.Release|Any CPU.Build.0 = Release|Any CPU
		{1C0C48E7-D176-4E91-8E07-030157238D98}.Debug|Any CPU.ActiveCfg = Debug|Any CPU
		{1C0C48E7-D176-4E91-8E07-030157238D98}.Debug|Any CPU.Build.0 = Debug|Any CPU
		{1C0C48E7-D176-4E91-8E07-030157238D98}.Release|Any CPU.ActiveCfg = Release|Any CPU
		{1C0C48E7-D176-4E91-8E07-030157238D98}.Release|Any CPU.Build.0 = Release|Any CPU
		{88ACC46C-AAF9-4924-829E-2CF118C1F924}.Debug|Any CPU.ActiveCfg = Debug|Any CPU
		{88ACC46C-AAF9-4924-829E-2CF118C1F924}.Debug|Any CPU.Build.0 = Debug|Any CPU
		{88ACC46C-AAF9-4924-829E-2CF118C1F924}.Release|Any CPU.ActiveCfg = Release|Any CPU
		{88ACC46C-AAF9-4924-829E-2CF118C1F924}.Release|Any CPU.Build.0 = Release|Any CPU
		{D46BEB8E-AEBB-4D0C-AE36-397050CB9084}.Debug|Any CPU.ActiveCfg = Debug|Any CPU
		{D46BEB8E-AEBB-4D0C-AE36-397050CB9084}.Debug|Any CPU.Build.0 = Debug|Any CPU
		{D46BEB8E-AEBB-4D0C-AE36-397050CB9084}.Release|Any CPU.ActiveCfg = Release|Any CPU
		{D46BEB8E-AEBB-4D0C-AE36-397050CB9084}.Release|Any CPU.Build.0 = Release|Any CPU
	EndGlobalSection
	GlobalSection(SolutionProperties) = preSolution
		HideSolutionNode = FALSE
	EndGlobalSection
	GlobalSection(SubversionScc) = preSolution
		Svn-Managed = True
		Manager = AnkhSVN - Subversion Support for Visual Studio
	EndGlobalSection
EndGlobal
